
Microsoft Visual Studio Solution File, Format Version 10.00
# Visual Studio 2008
Project("{FAE04EC0-301F-11D3-BF4B-00C04F79EFBC}") = "ContainerLoading", "ContainerLoading\ContainerLoading.csproj", "{B6CDDE2E-1AF3-4801-8E5F-905E7A269561}"
EndProject
Project("{FAE04EC0-301F-11D3-BF4B-00C04F79EFBC}") = "ContainerService", "ContainerService\ContainerService.csproj", "{0888B529-902A-40B3-9A6C-16753E4F5D1D}"
EndProject
Project("{B900F1C2-3D47-4FEC-85B3-04AAF18C3634}") = "ContainerCab", "ContainerCab\ContainerCab.vddproj", "{B49BD2F5-330D-4655-AF8C-68919AEE2D84}"
EndProject
Global
	GlobalSection(SolutionConfigurationPlatforms) = preSolution
		Debug|Any CPU = Debug|Any CPU
		Release|Any CPU = Release|Any CPU
	EndGlobalSection
	GlobalSection(ProjectConfigurationPlatforms) = postSolution
		{B6CDDE2E-1AF3-4801-8E5F-905E7A269561}.Debug|Any CPU.ActiveCfg = Debug|Any CPU
		{B6CDDE2E-1AF3-4801-8E5F-905E7A269561}.Debug|Any CPU.Build.0 = Debug|Any CPU
		{B6CDDE2E-1AF3-4801-8E5F-905E7A269561}.Debug|Any CPU.Deploy.0 = Debug|Any CPU
		{B6CDDE2E-1AF3-4801-8E5F-905E7A269561}.Release|Any CPU.ActiveCfg = Release|Any CPU
		{B6CDDE2E-1AF3-4801-8E5F-905E7A269561}.Release|Any CPU.Build.0 = Release|Any CPU
		{B6CDDE2E-1AF3-4801-8E5F-905E7A269561}.Release|Any CPU.Deploy.0 = Release|Any CPU
		{0888B529-902A-40B3-9A6C-16753E4F5D1D}.Debug|Any CPU.ActiveCfg = Debug|Any CPU
		{0888B529-902A-40B3-9A6C-16753E4F5D1D}.Debug|Any CPU.Build.0 = Debug|Any CPU
		{0888B529-902A-40B3-9A6C-16753E4F5D1D}.Release|Any CPU.ActiveCfg = Release|Any CPU
		{0888B529-902A-40B3-9A6C-16753E4F5D1D}.Release|Any CPU.Build.0 = Release|Any CPU
		{B49BD2F5-330D-4655-AF8C-68919AEE2D84}.Debug|Any CPU.ActiveCfg = Debug
		{B49BD2F5-330D-4655-AF8C-68919AEE2D84}.Release|Any CPU.ActiveCfg = Release
	EndGlobalSection
	GlobalSection(SolutionProperties) = preSolution
		HideSolutionNode = FALSE
	EndGlobalSection
EndGlobal
